
Microsoft Visual Studio Solution File, Format Version 12.00
# Visual Studio Version 16
VisualStudioVersion = 16.0.32126.315
MinimumVisualStudioVersion = 10.0.40219.1
Project("{FAE04EC0-301F-11D3-BF4B-00C04F79EFBC}") = "MmoServer", "MmoServer\MmoServer.csproj", "{104C89FC-1F6F-4589-B41E-AFBC349AD8EC}"
EndProject
Project("{FAE04EC0-301F-11D3-BF4B-00C04F79EFBC}") = "Common", "..\Common\Common.csproj", "{C1AD4E85-5A99-4467-8BDE-A79AF319B182}"
EndProject
Project("{FAE04EC0-301F-11D3-BF4B-00C04F79EFBC}") = "Protocol", "..\Protocol\Protocol.csproj", "{CF68703B-A762-47EF-AF77-1446E109B2FB}"
EndProject
Global
	GlobalSection(SolutionConfigurationPlatforms) = preSolution
		Debug|Any CPU = Debug|Any CPU
		Release|Any CPU = Release|Any CPU
	EndGlobalSection
	GlobalSection(ProjectConfigurationPlatforms) = postSolution
		{104C89FC-1F6F-4589-B41E-AFBC349AD8EC}.Debug|Any CPU.ActiveCfg = Debug|Any CPU
		{104C89FC-1F6F-4589-B41E-AFBC349AD8EC}.Debug|Any CPU.Build.0 = Debug|Any CPU
		{104C89FC-1F6F-4589-B41E-AFBC349AD8EC}.Release|Any CPU.ActiveCfg = Release|Any CPU
		{104C89FC-1F6F-4589-B41E-AFBC349AD8EC}.Release|Any CPU.Build.0 = Release|Any CPU
		{C1AD4E85-5A99-4467-8BDE-A79AF319B182}.Debug|Any CPU.ActiveCfg = Debug|Any CPU
		{C1AD4E85-5A99-4467-8BDE-A79AF319B182}.Debug|Any CPU.Build.0 = Debug|Any CPU
		{C1AD4E85-5A99-4467-8BDE-A79AF319B182}.Release|Any CPU.ActiveCfg = Release|Any CPU
		{C1AD4E85-5A99-4467-8BDE-A79AF319B182}.Release|Any CPU.Build.0 = Release|Any CPU
		{CF68703B-A762-47EF-AF77-1446E109B2FB}.Debug|Any CPU.ActiveCfg = Debug|Any CPU
		{CF68703B-A762-47EF-AF77-1446E109B2FB}.Debug|Any CPU.Build.0 = Debug|Any CPU
		{CF68703B-A762-47EF-AF77-1446E109B2FB}.Release|Any CPU.ActiveCfg = Release|Any CPU
		{CF68703B-A762-47EF-AF77-1446E109B2FB}.Release|Any CPU.Build.0 = Release|Any CPU
	EndGlobalSection
	GlobalSection(SolutionProperties) = preSolution
		HideSolutionNode = FALSE
	EndGlobalSection
	GlobalSection(ExtensibilityGlobals) = postSolution
		SolutionGuid = {A7890B3A-194D-46F9-B2E1-53285AD5B081}
	EndGlobalSection
EndGlobal
